
Microsoft Visual Studio Solution File, Format Version 12.00
# Visual Studio Version 17
VisualStudioVersion = 17.13.35828.75
MinimumVisualStudioVersion = 10.0.40219.1
Project("{2150E333-8FDC-42A3-9474-1A3956D46DE8}") = "src", "src", "{02EA681E-C7D8-13C7-8484-4AC65E1B71E8}"
EndProject
Project("{FAE04EC0-301F-11D3-BF4B-00C04F79EFBC}") = "Ombor.API", "src\Ombor.API\Ombor.API.csproj", "{C3342D76-16E7-476E-89CF-C9941ABADA40}"
EndProject
Project("{FAE04EC0-301F-11D3-BF4B-00C04F79EFBC}") = "Ombor.Tests.Unit", "tests\Ombor.Tests.Unit\Ombor.Tests.Unit.csproj", "{2CA790F0-2B63-4140-A5CB-889A19DCC9E5}"
EndProject
Project("{2150E333-8FDC-42A3-9474-1A3956D46DE8}") = "tests", "tests", "{F3393D60-393B-4518-AAA2-4CEAE2DFA6EA}"
	ProjectSection(SolutionItems) = preProject
		coverlet.runsettings = coverlet.runsettings
	EndProjectSection
EndProject
Project("{2150E333-8FDC-42A3-9474-1A3956D46DE8}") = "Solution Items", "Solution Items", "{8EC462FD-D22E-90A8-E5CE-7E832BA40C5D}"
	ProjectSection(SolutionItems) = preProject
		.editorconfig = .editorconfig
		.gitignore = .gitignore
		.github\workflows\CI.yml = .github\workflows\CI.yml
		global.json = global.json
		LICENSE = LICENSE
		README.md = README.md
	EndProjectSection
EndProject
Project("{FAE04EC0-301F-11D3-BF4B-00C04F79EFBC}") = "Ombor.Tests.Integration", "tests\Ombor.Tests.Integration\Ombor.Tests.Integration.csproj", "{8C82095F-6EDE-4925-AA79-145737C9C1CA}"
EndProject
Project("{FAE04EC0-301F-11D3-BF4B-00C04F79EFBC}") = "Ombor.Application", "src\Ombor.Application\Ombor.Application.csproj", "{CDC79D9C-C671-1AC1-9A9D-A5270277E8EC}"
EndProject
Project("{FAE04EC0-301F-11D3-BF4B-00C04F79EFBC}") = "Ombor.Contracts", "src\Ombor.Contracts\Ombor.Contracts.csproj", "{D4A0348B-8785-FCD9-4AEE-E66730950639}"
EndProject
Project("{FAE04EC0-301F-11D3-BF4B-00C04F79EFBC}") = "Ombor.Domain", "src\Ombor.Domain\Ombor.Domain.csproj", "{082C96DC-11DD-C8D5-39E2-535C71B165F1}"
EndProject
Project("{FAE04EC0-301F-11D3-BF4B-00C04F79EFBC}") = "Ombor.Infrastructure", "src\Ombor.Infrastructure\Ombor.Infrastructure.csproj", "{73486100-4039-5350-EB48-A0A4D219A25F}"
EndProject
Project("{FAE04EC0-301F-11D3-BF4B-00C04F79EFBC}") = "Ombor.TestDataGenerator", "src\Ombor.TestDataGenerator\Ombor.TestDataGenerator.csproj", "{36559F3B-BCE8-4382-AE66-C00786B8F1EC}"
EndProject
Global
	GlobalSection(SolutionConfigurationPlatforms) = preSolution
		Debug|Any CPU = Debug|Any CPU
		Release|Any CPU = Release|Any CPU
	EndGlobalSection
	GlobalSection(ProjectConfigurationPlatforms) = postSolution
		{C3342D76-16E7-476E-89CF-C9941ABADA40}.Debug|Any CPU.ActiveCfg = Debug|Any CPU
		{C3342D76-16E7-476E-89CF-C9941ABADA40}.Debug|Any CPU.Build.0 = Debug|Any CPU
		{C3342D76-16E7-476E-89CF-C9941ABADA40}.Release|Any CPU.ActiveCfg = Release|Any CPU
		{C3342D76-16E7-476E-89CF-C9941ABADA40}.Release|Any CPU.Build.0 = Release|Any CPU
		{2CA790F0-2B63-4140-A5CB-889A19DCC9E5}.Debug|Any CPU.ActiveCfg = Debug|Any CPU
		{2CA790F0-2B63-4140-A5CB-889A19DCC9E5}.Debug|Any CPU.Build.0 = Debug|Any CPU
		{2CA790F0-2B63-4140-A5CB-889A19DCC9E5}.Release|Any CPU.ActiveCfg = Release|Any CPU
		{2CA790F0-2B63-4140-A5CB-889A19DCC9E5}.Release|Any CPU.Build.0 = Release|Any CPU
		{8C82095F-6EDE-4925-AA79-145737C9C1CA}.Debug|Any CPU.ActiveCfg = Debug|Any CPU
		{8C82095F-6EDE-4925-AA79-145737C9C1CA}.Debug|Any CPU.Build.0 = Debug|Any CPU
		{8C82095F-6EDE-4925-AA79-145737C9C1CA}.Release|Any CPU.ActiveCfg = Release|Any CPU
		{8C82095F-6EDE-4925-AA79-145737C9C1CA}.Release|Any CPU.Build.0 = Release|Any CPU
		{CDC79D9C-C671-1AC1-9A9D-A5270277E8EC}.Debug|Any CPU.ActiveCfg = Debug|Any CPU
		{CDC79D9C-C671-1AC1-9A9D-A5270277E8EC}.Debug|Any CPU.Build.0 = Debug|Any CPU
		{CDC79D9C-C671-1AC1-9A9D-A5270277E8EC}.Release|Any CPU.ActiveCfg = Release|Any CPU
		{CDC79D9C-C671-1AC1-9A9D-A5270277E8EC}.Release|Any CPU.Build.0 = Release|Any CPU
		{D4A0348B-8785-FCD9-4AEE-E66730950639}.Debug|Any CPU.ActiveCfg = Debug|Any CPU
		{D4A0348B-8785-FCD9-4AEE-E66730950639}.Debug|Any CPU.Build.0 = Debug|Any CPU
		{D4A0348B-8785-FCD9-4AEE-E66730950639}.Release|Any CPU.ActiveCfg = Release|Any CPU
		{D4A0348B-8785-FCD9-4AEE-E66730950639}.Release|Any CPU.Build.0 = Release|Any CPU
		{082C96DC-11DD-C8D5-39E2-535C71B165F1}.Debug|Any CPU.ActiveCfg = Debug|Any CPU
		{082C96DC-11DD-C8D5-39E2-535C71B165F1}.Debug|Any CPU.Build.0 = Debug|Any CPU
		{082C96DC-11DD-C8D5-39E2-535C71B165F1}.Release|Any CPU.ActiveCfg = Release|Any CPU
		{082C96DC-11DD-C8D5-39E2-535C71B165F1}.Release|Any CPU.Build.0 = Release|Any CPU
		{73486100-4039-5350-EB48-A0A4D219A25F}.Debug|Any CPU.ActiveCfg = Debug|Any CPU
		{73486100-4039-5350-EB48-A0A4D219A25F}.Debug|Any CPU.Build.0 = Debug|Any CPU
		{73486100-4039-5350-EB48-A0A4D219A25F}.Release|Any CPU.ActiveCfg = Release|Any CPU
		{73486100-4039-5350-EB48-A0A4D219A25F}.Release|Any CPU.Build.0 = Release|Any CPU
		{36559F3B-BCE8-4382-AE66-C00786B8F1EC}.Debug|Any CPU.ActiveCfg = Debug|Any CPU
		{36559F3B-BCE8-4382-AE66-C00786B8F1EC}.Debug|Any CPU.Build.0 = Debug|Any CPU
		{36559F3B-BCE8-4382-AE66-C00786B8F1EC}.Release|Any CPU.ActiveCfg = Release|Any CPU
		{36559F3B-BCE8-4382-AE66-C00786B8F1EC}.Release|Any CPU.Build.0 = Release|Any CPU
	EndGlobalSection
	GlobalSection(SolutionProperties) = preSolution
		HideSolutionNode = FALSE
	EndGlobalSection
	GlobalSection(NestedProjects) = preSolution
		{C3342D76-16E7-476E-89CF-C9941ABADA40} = {02EA681E-C7D8-13C7-8484-4AC65E1B71E8}
		{2CA790F0-2B63-4140-A5CB-889A19DCC9E5} = {F3393D60-393B-4518-AAA2-4CEAE2DFA6EA}
		{8C82095F-6EDE-4925-AA79-145737C9C1CA} = {F3393D60-393B-4518-AAA2-4CEAE2DFA6EA}
		{CDC79D9C-C671-1AC1-9A9D-A5270277E8EC} = {02EA681E-C7D8-13C7-8484-4AC65E1B71E8}
		{D4A0348B-8785-FCD9-4AEE-E66730950639} = {02EA681E-C7D8-13C7-8484-4AC65E1B71E8}
		{082C96DC-11DD-C8D5-39E2-535C71B165F1} = {02EA681E-C7D8-13C7-8484-4AC65E1B71E8}
		{73486100-4039-5350-EB48-A0A4D219A25F} = {02EA681E-C7D8-13C7-8484-4AC65E1B71E8}
		{36559F3B-BCE8-4382-AE66-C00786B8F1EC} = {02EA681E-C7D8-13C7-8484-4AC65E1B71E8}
	EndGlobalSection
	GlobalSection(ExtensibilityGlobals) = postSolution
		SolutionGuid = {53878D0A-D7F3-4153-9655-37FE1D9A1D88}
	EndGlobalSection
EndGlobal
